
Microsoft Visual Studio Solution File, Format Version 12.00
# Visual Studio 14
VisualStudioVersion = 14.0.23107.0
MinimumVisualStudioVersion = 10.0.40219.1
Project("{FAE04EC0-301F-11D3-BF4B-00C04F79EFBC}") = "Toolbox", "Toolbox\Toolbox\Toolbox.csproj", "{5F4621A8-60F5-4E9E-BF7F-2768748FFE6B}"
EndProject
Project("{FAE04EC0-301F-11D3-BF4B-00C04F79EFBC}") = "Toolbox.iOS", "Toolbox\Toolbox.iOS\Toolbox.iOS.csproj", "{C7BFF973-FA8F-4ADF-AD9B-E4C83620DD0B}"
EndProject
Project("{FAE04EC0-301F-11D3-BF4B-00C04F79EFBC}") = "Toolbox.Droid", "Toolbox\Toolbox.Droid\Toolbox.Droid.csproj", "{178EB1A6-1168-408A-B37E-C80151A0DCE6}"
EndProject
Project("{FAE04EC0-301F-11D3-BF4B-00C04F79EFBC}") = "Toolbox.WinPhone", "Toolbox\Toolbox.WinPhone\Toolbox.WinPhone.csproj", "{76ED0763-99AB-4C53-B509-1E7C4E68CBF5}"
EndProject
Global
	GlobalSection(SolutionConfigurationPlatforms) = preSolution
		Ad-Hoc|Any CPU = Ad-Hoc|Any CPU
		Ad-Hoc|ARM = Ad-Hoc|ARM
		Ad-Hoc|iPhone = Ad-Hoc|iPhone
		Ad-Hoc|iPhoneSimulator = Ad-Hoc|iPhoneSimulator
		Ad-Hoc|x86 = Ad-Hoc|x86
		AppStore|Any CPU = AppStore|Any CPU
		AppStore|ARM = AppStore|ARM
		AppStore|iPhone = AppStore|iPhone
		AppStore|iPhoneSimulator = AppStore|iPhoneSimulator
		AppStore|x86 = AppStore|x86
		Debug|Any CPU = Debug|Any CPU
		Debug|ARM = Debug|ARM
		Debug|iPhone = Debug|iPhone
		Debug|iPhoneSimulator = Debug|iPhoneSimulator
		Debug|x86 = Debug|x86
		Release|Any CPU = Release|Any CPU
		Release|ARM = Release|ARM
		Release|iPhone = Release|iPhone
		Release|iPhoneSimulator = Release|iPhoneSimulator
		Release|x86 = Release|x86
	EndGlobalSection
	GlobalSection(ProjectConfigurationPlatforms) = postSolution
		{5F4621A8-60F5-4E9E-BF7F-2768748FFE6B}.Ad-Hoc|Any CPU.ActiveCfg = Release|Any CPU
		{5F4621A8-60F5-4E9E-BF7F-2768748FFE6B}.Ad-Hoc|Any CPU.Build.0 = Release|Any CPU
		{5F4621A8-60F5-4E9E-BF7F-2768748FFE6B}.Ad-Hoc|ARM.ActiveCfg = Release|Any CPU
		{5F4621A8-60F5-4E9E-BF7F-2768748FFE6B}.Ad-Hoc|ARM.Build.0 = Release|Any CPU
		{5F4621A8-60F5-4E9E-BF7F-2768748FFE6B}.Ad-Hoc|iPhone.ActiveCfg = Release|Any CPU
		{5F4621A8-60F5-4E9E-BF7F-2768748FFE6B}.Ad-Hoc|iPhone.Build.0 = Release|Any CPU
		{5F4621A8-60F5-4E9E-BF7F-2768748FFE6B}.Ad-Hoc|iPhoneSimulator.ActiveCfg = Release|Any CPU
		{5F4621A8-60F5-4E9E-BF7F-2768748FFE6B}.Ad-Hoc|iPhoneSimulator.Build.0 = Release|Any CPU
		{5F4621A8-60F5-4E9E-BF7F-2768748FFE6B}.Ad-Hoc|x86.ActiveCfg = Release|Any CPU
		{5F4621A8-60F5-4E9E-BF7F-2768748FFE6B}.Ad-Hoc|x86.Build.0 = Release|Any CPU
		{5F4621A8-60F5-4E9E-BF7F-2768748FFE6B}.AppStore|Any CPU.ActiveCfg = Release|Any CPU
		{5F4621A8-60F5-4E9E-BF7F-2768748FFE6B}.AppStore|Any CPU.Build.0 = Release|Any CPU
		{5F4621A8-60F5-4E9E-BF7F-2768748FFE6B}.AppStore|ARM.ActiveCfg = Release|Any CPU
		{5F4621A8-60F5-4E9E-BF7F-2768748FFE6B}.AppStore|ARM.Build.0 = Release|Any CPU
		{5F4621A8-60F5-4E9E-BF7F-2768748FFE6B}.AppStore|iPhone.ActiveCfg = Release|Any CPU
		{5F4621A8-60F5-4E9E-BF7F-2768748FFE6B}.AppStore|iPhone.Build.0 = Release|Any CPU
		{5F4621A8-60F5-4E9E-BF7F-2768748FFE6B}.AppStore|iPhoneSimulator.ActiveCfg = Release|Any CPU
		{5F4621A8-60F5-4E9E-BF7F-2768748FFE6B}.AppStore|iPhoneSimulator.Build.0 = Release|Any CPU
		{5F4621A8-60F5-4E9E-BF7F-2768748FFE6B}.AppStore|x86.ActiveCfg = Release|Any CPU
		{5F4621A8-60F5-4E9E-BF7F-2768748FFE6B}.AppStore|x86.Build.0 = Release|Any CPU
		{5F4621A8-60F5-4E9E-BF7F-2768748FFE6B}.Debug|Any CPU.ActiveCfg = Debug|Any CPU
		{5F4621A8-60F5-4E9E-BF7F-2768748FFE6B}.Debug|Any CPU.Build.0 = Debug|Any CPU
		{5F4621A8-60F5-4E9E-BF7F-2768748FFE6B}.Debug|ARM.ActiveCfg = Debug|Any CPU
		{5F4621A8-60F5-4E9E-BF7F-2768748FFE6B}.Debug|ARM.Build.0 = Debug|Any CPU
		{5F4621A8-60F5-4E9E-BF7F-2768748FFE6B}.Debug|iPhone.ActiveCfg = Debug|Any CPU
		{5F4621A8-60F5-4E9E-BF7F-2768748FFE6B}.Debug|iPhone.Build.0 = Debug|Any CPU
		{5F4621A8-60F5-4E9E-BF7F-2768748FFE6B}.Debug|iPhoneSimulator.ActiveCfg = Debug|Any CPU
		{5F4621A8-60F5-4E9E-BF7F-2768748FFE6B}.Debug|iPhoneSimulator.Build.0 = Debug|Any CPU
		{5F4621A8-60F5-4E9E-BF7F-2768748FFE6B}.Debug|x86.ActiveCfg = Debug|Any CPU
		{5F4621A8-60F5-4E9E-BF7F-2768748FFE6B}.Debug|x86.Build.0 = Debug|Any CPU
		{5F4621A8-60F5-4E9E-BF7F-2768748FFE6B}.Release|Any CPU.ActiveCfg = Release|Any CPU
		{5F4621A8-60F5-4E9E-BF7F-2768748FFE6B}.Release|Any CPU.Build.0 = Release|Any CPU
		{5F4621A8-60F5-4E9E-BF7F-2768748FFE6B}.Release|ARM.ActiveCfg = Release|Any CPU
		{5F4621A8-60F5-4E9E-BF7F-2768748FFE6B}.Release|ARM.Build.0 = Release|Any CPU
		{5F4621A8-60F5-4E9E-BF7F-2768748FFE6B}.Release|iPhone.ActiveCfg = Release|Any CPU
		{5F4621A8-60F5-4E9E-BF7F-2768748FFE6B}.Release|iPhone.Build.0 = Release|Any CPU
		{5F4621A8-60F5-4E9E-BF7F-2768748FFE6B}.Release|iPhoneSimulator.ActiveCfg = Release|Any CPU
		{5F4621A8-60F5-4E9E-BF7F-2768748FFE6B}.Release|iPhoneSimulator.Build.0 = Release|Any CPU
		{5F4621A8-60F5-4E9E-BF7F-2768748FFE6B}.Release|x86.ActiveCfg = Release|Any CPU
		{5F4621A8-60F5-4E9E-BF7F-2768748FFE6B}.Release|x86.Build.0 = Release|Any CPU
		{C7BFF973-FA8F-4ADF-AD9B-E4C83620DD0B}.Ad-Hoc|Any CPU.ActiveCfg = Ad-Hoc|iPhone
		{C7BFF973-FA8F-4ADF-AD9B-E4C83620DD0B}.Ad-Hoc|ARM.ActiveCfg = Ad-Hoc|iPhone
		{C7BFF973-FA8F-4ADF-AD9B-E4C83620DD0B}.Ad-Hoc|iPhone.ActiveCfg = Ad-Hoc|iPhone
		{C7BFF973-FA8F-4ADF-AD9B-E4C83620DD0B}.Ad-Hoc|iPhone.Build.0 = Ad-Hoc|iPhone
		{C7BFF973-FA8F-4ADF-AD9B-E4C83620DD0B}.Ad-Hoc|iPhoneSimulator.ActiveCfg = Ad-Hoc|iPhoneSimulator
		{C7BFF973-FA8F-4ADF-AD9B-E4C83620DD0B}.Ad-Hoc|iPhoneSimulator.Build.0 = Ad-Hoc|iPhoneSimulator
		{C7BFF973-FA8F-4ADF-AD9B-E4C83620DD0B}.Ad-Hoc|x86.ActiveCfg = Ad-Hoc|iPhone
		{C7BFF973-FA8F-4ADF-AD9B-E4C83620DD0B}.AppStore|Any CPU.ActiveCfg = AppStore|iPhone
		{C7BFF973-FA8F-4ADF-AD9B-E4C83620DD0B}.AppStore|ARM.ActiveCfg = AppStore|iPhone
		{C7BFF973-FA8F-4ADF-AD9B-E4C83620DD0B}.AppStore|iPhone.ActiveCfg = AppStore|iPhone
		{C7BFF973-FA8F-4ADF-AD9B-E4C83620DD0B}.AppStore|iPhone.Build.0 = AppStore|iPhone
		{C7BFF973-FA8F-4ADF-AD9B-E4C83620DD0B}.AppStore|iPhoneSimulator.ActiveCfg = AppStore|iPhoneSimulator
		{C7BFF973-FA8F-4ADF-AD9B-E4C83620DD0B}.AppStore|iPhoneSimulator.Build.0 = AppStore|iPhoneSimulator
		{C7BFF973-FA8F-4ADF-AD9B-E4C83620DD0B}.AppStore|x86.ActiveCfg = AppStore|iPhone
		{C7BFF973-FA8F-4ADF-AD9B-E4C83620DD0B}.Debug|Any CPU.ActiveCfg = Debug|iPhone
		{C7BFF973-FA8F-4ADF-AD9B-E4C83620DD0B}.Debug|ARM.ActiveCfg = Debug|iPhone
		{C7BFF973-FA8F-4ADF-AD9B-E4C83620DD0B}.Debug|iPhone.ActiveCfg = Debug|iPhone
		{C7BFF973-FA8F-4ADF-AD9B-E4C83620DD0B}.Debug|iPhone.Build.0 = Debug|iPhone
		{C7BFF973-FA8F-4ADF-AD9B-E4C83620DD0B}.Debug|iPhoneSimulator.ActiveCfg = Debug|iPhoneSimulator
		{C7BFF973-FA8F-4ADF-AD9B-E4C83620DD0B}.Debug|iPhoneSimulator.Build.0 = Debug|iPhoneSimulator
		{C7BFF973-FA8F-4ADF-AD9B-E4C83620DD0B}.Debug|x86.ActiveCfg = Debug|iPhone
		{C7BFF973-FA8F-4ADF-AD9B-E4C83620DD0B}.Release|Any CPU.ActiveCfg = Release|iPhone
		{C7BFF973-FA8F-4ADF-AD9B-E4C83620DD0B}.Release|ARM.ActiveCfg = Release|iPhone
		{C7BFF973-FA8F-4ADF-AD9B-E4C83620DD0B}.Release|iPhone.ActiveCfg = Release|iPhone
		{C7BFF973-FA8F-4ADF-AD9B-E4C83620DD0B}.Release|iPhone.Build.0 = Release|iPhone
		{C7BFF973-FA8F-4ADF-AD9B-E4C83620DD0B}.Release|iPhoneSimulator.ActiveCfg = Release|iPhoneSimulator
		{C7BFF973-FA8F-4ADF-AD9B-E4C83620DD0B}.Release|iPhoneSimulator.Build.0 = Release|iPhoneSimulator
		{C7BFF973-FA8F-4ADF-AD9B-E4C83620DD0B}.Release|x86.ActiveCfg = Release|iPhone
		{178EB1A6-1168-408A-B37E-C80151A0DCE6}.Ad-Hoc|Any CPU.ActiveCfg = Release|Any CPU
		{178EB1A6-1168-408A-B37E-C80151A0DCE6}.Ad-Hoc|Any CPU.Build.0 = Release|Any CPU
		{178EB1A6-1168-408A-B37E-C80151A0DCE6}.Ad-Hoc|Any CPU.Deploy.0 = Release|Any CPU
		{178EB1A6-1168-408A-B37E-C80151A0DCE6}.Ad-Hoc|ARM.ActiveCfg = Release|Any CPU
		{178EB1A6-1168-408A-B37E-C80151A0DCE6}.Ad-Hoc|ARM.Build.0 = Release|Any CPU
		{178EB1A6-1168-408A-B37E-C80151A0DCE6}.Ad-Hoc|ARM.Deploy.0 = Release|Any CPU
		{178EB1A6-1168-408A-B37E-C80151A0DCE6}.Ad-Hoc|iPhone.ActiveCfg = Release|Any CPU
		{178EB1A6-1168-408A-B37E-C80151A0DCE6}.Ad-Hoc|iPhone.Build.0 = Release|Any CPU
		{178EB1A6-1168-408A-B37E-C80151A0DCE6}.Ad-Hoc|iPhone.Deploy.0 = Release|Any CPU
		{178EB1A6-1168-408A-B37E-C80151A0DCE6}.Ad-Hoc|iPhoneSimulator.ActiveCfg = Release|Any CPU
		{178EB1A6-1168-408A-B37E-C80151A0DCE6}.Ad-Hoc|iPhoneSimulator.Build.0 = Release|Any CPU
		{178EB1A6-1168-408A-B37E-C80151A0DCE6}.Ad-Hoc|iPhoneSimulator.Deploy.0 = Release|Any CPU
		{178EB1A6-1168-408A-B37E-C80151A0DCE6}.Ad-Hoc|x86.ActiveCfg = Release|Any CPU
		{178EB1A6-1168-408A-B37E-C80151A0DCE6}.Ad-Hoc|x86.Build.0 = Release|Any CPU
		{178EB1A6-1168-408A-B37E-C80151A0DCE6}.Ad-Hoc|x86.Deploy.0 = Release|Any CPU
		{178EB1A6-1168-408A-B37E-C80151A0DCE6}.AppStore|Any CPU.ActiveCfg = Release|Any CPU
		{178EB1A6-1168-408A-B37E-C80151A0DCE6}.AppStore|Any CPU.Build.0 = Release|Any CPU
		{178EB1A6-1168-408A-B37E-C80151A0DCE6}.AppStore|Any CPU.Deploy.0 = Release|Any CPU
		{178EB1A6-1168-408A-B37E-C80151A0DCE6}.AppStore|ARM.ActiveCfg = Release|Any CPU
		{178EB1A6-1168-408A-B37E-C80151A0DCE6}.AppStore|ARM.Build.0 = Release|Any CPU
		{178EB1A6-1168-408A-B37E-C80151A0DCE6}.AppStore|ARM.Deploy.0 = Release|Any CPU
		{178EB1A6-1168-408A-B37E-C80151A0DCE6}.AppStore|iPhone.ActiveCfg = Release|Any CPU
		{178EB1A6-1168-408A-B37E-C80151A0DCE6}.AppStore|iPhone.Build.0 = Release|Any CPU
		{178EB1A6-1168-408A-B37E-C80151A0DCE6}.AppStore|iPhone.Deploy.0 = Release|Any CPU
		{178EB1A6-1168-408A-B37E-C80151A0DCE6}.AppStore|iPhoneSimulator.ActiveCfg = Release|Any CPU
		{178EB1A6-1168-408A-B37E-C80151A0DCE6}.AppStore|iPhoneSimulator.Build.0 = Release|Any CPU
		{178EB1A6-1168-408A-B37E-C80151A0DCE6}.AppStore|iPhoneSimulator.Deploy.0 = Release|Any CPU
		{178EB1A6-1168-408A-B37E-C80151A0DCE6}.AppStore|x86.ActiveCfg = Release|Any CPU
		{178EB1A6-1168-408A-B37E-C80151A0DCE6}.AppStore|x86.Build.0 = Release|Any CPU
		{178EB1A6-1168-408A-B37E-C80151A0DCE6}.AppStore|x86.Deploy.0 = Release|Any CPU
		{178EB1A6-1168-408A-B37E-C80151A0DCE6}.Debug|Any CPU.ActiveCfg = Debug|Any CPU
		{178EB1A6-1168-408A-B37E-C80151A0DCE6}.Debug|Any CPU.Build.0 = Debug|Any CPU
		{178EB1A6-1168-408A-B37E-C80151A0DCE6}.Debug|Any CPU.Deploy.0 = Debug|Any CPU
		{178EB1A6-1168-408A-B37E-C80151A0DCE6}.Debug|ARM.ActiveCfg = Debug|Any CPU
		{178EB1A6-1168-408A-B37E-C80151A0DCE6}.Debug|ARM.Build.0 = Debug|Any CPU
		{178EB1A6-1168-408A-B37E-C80151A0DCE6}.Debug|ARM.Deploy.0 = Debug|Any CPU
		{178EB1A6-1168-408A-B37E-C80151A0DCE6}.Debug|iPhone.ActiveCfg = Debug|Any CPU
		{178EB1A6-1168-408A-B37E-C80151A0DCE6}.Debug|iPhone.Build.0 = Debug|Any CPU
		{178EB1A6-1168-408A-B37E-C80151A0DCE6}.Debug|iPhone.Deploy.0 = Debug|Any CPU
		{178EB1A6-1168-408A-B37E-C80151A0DCE6}.Debug|iPhoneSimulator.ActiveCfg = Debug|Any CPU
		{178EB1A6-1168-408A-B37E-C80151A0DCE6}.Debug|iPhoneSimulator.Build.0 = Debug|Any CPU
		{178EB1A6-1168-408A-B37E-C80151A0DCE6}.Debug|iPhoneSimulator.Deploy.0 = Debug|Any CPU
		{178EB1A6-1168-408A-B37E-C80151A0DCE6}.Debug|x86.ActiveCfg = Debug|Any CPU
		{178EB1A6-1168-408A-B37E-C80151A0DCE6}.Debug|x86.Build.0 = Debug|Any CPU
		{178EB1A6-1168-408A-B37E-C80151A0DCE6}.Debug|x86.Deploy.0 = Debug|Any CPU
		{178EB1A6-1168-408A-B37E-C80151A0DCE6}.Release|Any CPU.ActiveCfg = Release|Any CPU
		{178EB1A6-1168-408A-B37E-C80151A0DCE6}.Release|Any CPU.Build.0 = Release|Any CPU
		{178EB1A6-1168-408A-B37E-C80151A0DCE6}.Release|Any CPU.Deploy.0 = Release|Any CPU
		{178EB1A6-1168-408A-B37E-C80151A0DCE6}.Release|ARM.ActiveCfg = Release|Any CPU
		{178EB1A6-1168-408A-B37E-C80151A0DCE6}.Release|ARM.Build.0 = Release|Any CPU
		{178EB1A6-1168-408A-B37E-C80151A0DCE6}.Release|ARM.Deploy.0 = Release|Any CPU
		{178EB1A6-1168-408A-B37E-C80151A0DCE6}.Release|iPhone.ActiveCfg = Release|Any CPU
		{178EB1A6-1168-408A-B37E-C80151A0DCE6}.Release|iPhone.Build.0 = Release|Any CPU
		{178EB1A6-1168-408A-B37E-C80151A0DCE6}.Release|iPhone.Deploy.0 = Release|Any CPU
		{178EB1A6-1168-408A-B37E-C80151A0DCE6}.Release|iPhoneSimulator.ActiveCfg = Release|Any CPU
		{178EB1A6-1168-408A-B37E-C80151A0DCE6}.Release|iPhoneSimulator.Build.0 = Release|Any CPU
		{178EB1A6-1168-408A-B37E-C80151A0DCE6}.Release|iPhoneSimulator.Deploy.0 = Release|Any CPU
		{178EB1A6-1168-408A-B37E-C80151A0DCE6}.Release|x86.ActiveCfg = Release|Any CPU
		{178EB1A6-1168-408A-B37E-C80151A0DCE6}.Release|x86.Build.0 = Release|Any CPU
		{178EB1A6-1168-408A-B37E-C80151A0DCE6}.Release|x86.Deploy.0 = Release|Any CPU
		{76ED0763-99AB-4C53-B509-1E7C4E68CBF5}.Ad-Hoc|Any CPU.ActiveCfg = Release|Any CPU
		{76ED0763-99AB-4C53-B509-1E7C4E68CBF5}.Ad-Hoc|Any CPU.Build.0 = Release|Any CPU
		{76ED0763-99AB-4C53-B509-1E7C4E68CBF5}.Ad-Hoc|Any CPU.Deploy.0 = Release|Any CPU
		{76ED0763-99AB-4C53-B509-1E7C4E68CBF5}.Ad-Hoc|ARM.ActiveCfg = Release|ARM
		{76ED0763-99AB-4C53-B509-1E7C4E68CBF5}.Ad-Hoc|ARM.Build.0 = Release|ARM
		{76ED0763-99AB-4C53-B509-1E7C4E68CBF5}.Ad-Hoc|ARM.Deploy.0 = Release|ARM
		{76ED0763-99AB-4C53-B509-1E7C4E68CBF5}.Ad-Hoc|iPhone.ActiveCfg = Release|Any CPU
		{76ED0763-99AB-4C53-B509-1E7C4E68CBF5}.Ad-Hoc|iPhone.Build.0 = Release|Any CPU
		{76ED0763-99AB-4C53-B509-1E7C4E68CBF5}.Ad-Hoc|iPhone.Deploy.0 = Release|Any CPU
		{76ED0763-99AB-4C53-B509-1E7C4E68CBF5}.Ad-Hoc|iPhoneSimulator.ActiveCfg = Release|Any CPU
		{76ED0763-99AB-4C53-B509-1E7C4E68CBF5}.Ad-Hoc|iPhoneSimulator.Build.0 = Release|Any CPU
		{76ED0763-99AB-4C53-B509-1E7C4E68CBF5}.Ad-Hoc|iPhoneSimulator.Deploy.0 = Release|Any CPU
		{76ED0763-99AB-4C53-B509-1E7C4E68CBF5}.Ad-Hoc|x86.ActiveCfg = Release|x86
		{76ED0763-99AB-4C53-B509-1E7C4E68CBF5}.Ad-Hoc|x86.Build.0 = Release|x86
		{76ED0763-99AB-4C53-B509-1E7C4E68CBF5}.Ad-Hoc|x86.Deploy.0 = Release|x86
		{76ED0763-99AB-4C53-B509-1E7C4E68CBF5}.AppStore|Any CPU.ActiveCfg = Release|Any CPU
		{76ED0763-99AB-4C53-B509-1E7C4E68CBF5}.AppStore|Any CPU.Build.0 = Release|Any CPU
		{76ED0763-99AB-4C53-B509-1E7C4E68CBF5}.AppStore|Any CPU.Deploy.0 = Release|Any CPU
		{76ED0763-99AB-4C53-B509-1E7C4E68CBF5}.AppStore|ARM.ActiveCfg = Release|ARM
		{76ED0763-99AB-4C53-B509-1E7C4E68CBF5}.AppStore|ARM.Build.0 = Release|ARM
		{76ED0763-99AB-4C53-B509-1E7C4E68CBF5}.AppStore|ARM.Deploy.0 = Release|ARM
		{76ED0763-99AB-4C53-B509-1E7C4E68CBF5}.AppStore|iPhone.ActiveCfg = Release|Any CPU
		{76ED0763-99AB-4C53-B509-1E7C4E68CBF5}.AppStore|iPhone.Build.0 = Release|Any CPU
		{76ED0763-99AB-4C53-B509-1E7C4E68CBF5}.AppStore|iPhone.Deploy.0 = Release|Any CPU
		{76ED0763-99AB-4C53-B509-1E7C4E68CBF5}.AppStore|iPhoneSimulator.ActiveCfg = Release|Any CPU
		{76ED0763-99AB-4C53-B509-1E7C4E68CBF5}.AppStore|iPhoneSimulator.Build.0 = Release|Any CPU
		{76ED0763-99AB-4C53-B509-1E7C4E68CBF5}.AppStore|iPhoneSimulator.Deploy.0 = Release|Any CPU
		{76ED0763-99AB-4C53-B509-1E7C4E68CBF5}.AppStore|x86.ActiveCfg = Release|x86
		{76ED0763-99AB-4C53-B509-1E7C4E68CBF5}.AppStore|x86.Build.0 = Release|x86
		{76ED0763-99AB-4C53-B509-1E7C4E68CBF5}.AppStore|x86.Deploy.0 = Release|x86
		{76ED0763-99AB-4C53-B509-1E7C4E68CBF5}.Debug|Any CPU.ActiveCfg = Debug|Any CPU
		{76ED0763-99AB-4C53-B509-1E7C4E68CBF5}.Debug|Any CPU.Build.0 = Debug|Any CPU
		{76ED0763-99AB-4C53-B509-1E7C4E68CBF5}.Debug|Any CPU.Deploy.0 = Debug|Any CPU
		{76ED0763-99AB-4C53-B509-1E7C4E68CBF5}.Debug|ARM.ActiveCfg = Debug|ARM
		{76ED0763-99AB-4C53-B509-1E7C4E68CBF5}.Debug|ARM.Build.0 = Debug|ARM
		{76ED0763-99AB-4C53-B509-1E7C4E68CBF5}.Debug|ARM.Deploy.0 = Debug|ARM
		{76ED0763-99AB-4C53-B509-1E7C4E68CBF5}.Debug|iPhone.ActiveCfg = Debug|Any CPU
		{76ED0763-99AB-4C53-B509-1E7C4E68CBF5}.Debug|iPhone.Build.0 = Debug|Any CPU
		{76ED0763-99AB-4C53-B509-1E7C4E68CBF5}.Debug|iPhone.Deploy.0 = Debug|Any CPU
		{76ED0763-99AB-4C53-B509-1E7C4E68CBF5}.Debug|iPhoneSimulator.ActiveCfg = Debug|Any CPU
		{76ED0763-99AB-4C53-B509-1E7C4E68CBF5}.Debug|iPhoneSimulator.Build.0 = Debug|Any CPU
		{76ED0763-99AB-4C53-B509-1E7C4E68CBF5}.Debug|iPhoneSimulator.Deploy.0 = Debug|Any CPU
		{76ED0763-99AB-4C53-B509-1E7C4E68CBF5}.Debug|x86.ActiveCfg = Debug|x86
		{76ED0763-99AB-4C53-B509-1E7C4E68CBF5}.Debug|x86.Build.0 = Debug|x86
		{76ED0763-99AB-4C53-B509-1E7C4E68CBF5}.Debug|x86.Deploy.0 = Debug|x86
		{76ED0763-99AB-4C53-B509-1E7C4E68CBF5}.Release|Any CPU.ActiveCfg = Release|Any CPU
		{76ED0763-99AB-4C53-B509-1E7C4E68CBF5}.Release|Any CPU.Build.0 = Release|Any CPU
		{76ED0763-99AB-4C53-B509-1E7C4E68CBF5}.Release|Any CPU.Deploy.0 = Release|Any CPU
		{76ED0763-99AB-4C53-B509-1E7C4E68CBF5}.Release|ARM.ActiveCfg = Release|ARM
		{76ED0763-99AB-4C53-B509-1E7C4E68CBF5}.Release|ARM.Build.0 = Release|ARM
		{76ED0763-99AB-4C53-B509-1E7C4E68CBF5}.Release|ARM.Deploy.0 = Release|ARM
		{76ED0763-99AB-4C53-B509-1E7C4E68CBF5}.Release|iPhone.ActiveCfg = Release|Any CPU
		{76ED0763-99AB-4C53-B509-1E7C4E68CBF5}.Release|iPhone.Build.0 = Release|Any CPU
		{76ED0763-99AB-4C53-B509-1E7C4E68CBF5}.Release|iPhone.Deploy.0 = Release|Any CPU
		{76ED0763-99AB-4C53-B509-1E7C4E68CBF5}.Release|iPhoneSimulator.ActiveCfg = Release|Any CPU
		{76ED0763-99AB-4C53-B509-1E7C4E68CBF5}.Release|iPhoneSimulator.Build.0 = Release|Any CPU
		{76ED0763-99AB-4C53-B509-1E7C4E68CBF5}.Release|iPhoneSimulator.Deploy.0 = Release|Any CPU
		{76ED0763-99AB-4C53-B509-1E7C4E68CBF5}.Release|x86.ActiveCfg = Release|x86
		{76ED0763-99AB-4C53-B509-1E7C4E68CBF5}.Release|x86.Build.0 = Release|x86
		{76ED0763-99AB-4C53-B509-1E7C4E68CBF5}.Release|x86.Deploy.0 = Release|x86
	EndGlobalSection
	GlobalSection(SolutionProperties) = preSolution
		HideSolutionNode = FALSE
	EndGlobalSection
EndGlobal
