
Microsoft Visual Studio Solution File, Format Version 12.00
# Visual Studio 14
VisualStudioVersion = 14.0.24720.0
MinimumVisualStudioVersion = 10.0.40219.1
Project("{FAE04EC0-301F-11D3-BF4B-00C04F79EFBC}") = "MeasurementConverter.Droid", "MeasurementConverter\MeasurementConverter.Droid\MeasurementConverter.Droid.csproj", "{E95EB858-A3E8-4E54-8AB3-8F6809C37CCB}"
EndProject
Project("{FAE04EC0-301F-11D3-BF4B-00C04F79EFBC}") = "MeasurementConverter.iOS", "MeasurementConverter\MeasurementConverter.iOS\MeasurementConverter.iOS.csproj", "{86F1E5C7-AC5A-4F5E-A796-25FF5228B632}"
EndProject
Project("{FAE04EC0-301F-11D3-BF4B-00C04F79EFBC}") = "MeasurementConverter.WinPhone", "MeasurementConverter\MeasurementConverter.WinPhone\MeasurementConverter.WinPhone.csproj", "{689C5358-7D8D-4BE5-A565-51F5A76E6FE9}"
EndProject
Project("{FAE04EC0-301F-11D3-BF4B-00C04F79EFBC}") = "MeasurementConverter.UWP", "MeasurementConverter\MeasurementConverter.UWP\MeasurementConverter.UWP.csproj", "{C6E22DA0-BB72-4DB1-885B-8AEC7E246772}"
EndProject
Project("{FAE04EC0-301F-11D3-BF4B-00C04F79EFBC}") = "MeasurementConverter.Windows", "MeasurementConverter\MeasurementConverter.Windows\MeasurementConverter.Windows.csproj", "{A718D6A0-D0A5-4688-92C1-5E636166B654}"
EndProject
Project("{FAE04EC0-301F-11D3-BF4B-00C04F79EFBC}") = "MeasurementConverter", "MeasurementConverter\MeasurementConverter\MeasurementConverter.csproj", "{5CC00EDB-7FA4-4B21-AF60-0EF5417F4180}"
EndProject
Global
	GlobalSection(SolutionConfigurationPlatforms) = preSolution
		Ad-Hoc|Any CPU = Ad-Hoc|Any CPU
		Ad-Hoc|ARM = Ad-Hoc|ARM
		Ad-Hoc|iPhone = Ad-Hoc|iPhone
		Ad-Hoc|iPhoneSimulator = Ad-Hoc|iPhoneSimulator
		Ad-Hoc|x64 = Ad-Hoc|x64
		Ad-Hoc|x86 = Ad-Hoc|x86
		AppStore|Any CPU = AppStore|Any CPU
		AppStore|ARM = AppStore|ARM
		AppStore|iPhone = AppStore|iPhone
		AppStore|iPhoneSimulator = AppStore|iPhoneSimulator
		AppStore|x64 = AppStore|x64
		AppStore|x86 = AppStore|x86
		Debug|Any CPU = Debug|Any CPU
		Debug|ARM = Debug|ARM
		Debug|iPhone = Debug|iPhone
		Debug|iPhoneSimulator = Debug|iPhoneSimulator
		Debug|x64 = Debug|x64
		Debug|x86 = Debug|x86
		Release|Any CPU = Release|Any CPU
		Release|ARM = Release|ARM
		Release|iPhone = Release|iPhone
		Release|iPhoneSimulator = Release|iPhoneSimulator
		Release|x64 = Release|x64
		Release|x86 = Release|x86
	EndGlobalSection
	GlobalSection(ProjectConfigurationPlatforms) = postSolution
		{E95EB858-A3E8-4E54-8AB3-8F6809C37CCB}.Ad-Hoc|Any CPU.ActiveCfg = Release|Any CPU
		{E95EB858-A3E8-4E54-8AB3-8F6809C37CCB}.Ad-Hoc|Any CPU.Build.0 = Release|Any CPU
		{E95EB858-A3E8-4E54-8AB3-8F6809C37CCB}.Ad-Hoc|Any CPU.Deploy.0 = Release|Any CPU
		{E95EB858-A3E8-4E54-8AB3-8F6809C37CCB}.Ad-Hoc|ARM.ActiveCfg = Release|Any CPU
		{E95EB858-A3E8-4E54-8AB3-8F6809C37CCB}.Ad-Hoc|ARM.Build.0 = Release|Any CPU
		{E95EB858-A3E8-4E54-8AB3-8F6809C37CCB}.Ad-Hoc|ARM.Deploy.0 = Release|Any CPU
		{E95EB858-A3E8-4E54-8AB3-8F6809C37CCB}.Ad-Hoc|iPhone.ActiveCfg = Release|Any CPU
		{E95EB858-A3E8-4E54-8AB3-8F6809C37CCB}.Ad-Hoc|iPhone.Build.0 = Release|Any CPU
		{E95EB858-A3E8-4E54-8AB3-8F6809C37CCB}.Ad-Hoc|iPhone.Deploy.0 = Release|Any CPU
		{E95EB858-A3E8-4E54-8AB3-8F6809C37CCB}.Ad-Hoc|iPhoneSimulator.ActiveCfg = Release|Any CPU
		{E95EB858-A3E8-4E54-8AB3-8F6809C37CCB}.Ad-Hoc|iPhoneSimulator.Build.0 = Release|Any CPU
		{E95EB858-A3E8-4E54-8AB3-8F6809C37CCB}.Ad-Hoc|iPhoneSimulator.Deploy.0 = Release|Any CPU
		{E95EB858-A3E8-4E54-8AB3-8F6809C37CCB}.Ad-Hoc|x64.ActiveCfg = Release|Any CPU
		{E95EB858-A3E8-4E54-8AB3-8F6809C37CCB}.Ad-Hoc|x64.Build.0 = Release|Any CPU
		{E95EB858-A3E8-4E54-8AB3-8F6809C37CCB}.Ad-Hoc|x64.Deploy.0 = Release|Any CPU
		{E95EB858-A3E8-4E54-8AB3-8F6809C37CCB}.Ad-Hoc|x86.ActiveCfg = Release|Any CPU
		{E95EB858-A3E8-4E54-8AB3-8F6809C37CCB}.Ad-Hoc|x86.Build.0 = Release|Any CPU
		{E95EB858-A3E8-4E54-8AB3-8F6809C37CCB}.Ad-Hoc|x86.Deploy.0 = Release|Any CPU
		{E95EB858-A3E8-4E54-8AB3-8F6809C37CCB}.AppStore|Any CPU.ActiveCfg = Release|Any CPU
		{E95EB858-A3E8-4E54-8AB3-8F6809C37CCB}.AppStore|Any CPU.Build.0 = Release|Any CPU
		{E95EB858-A3E8-4E54-8AB3-8F6809C37CCB}.AppStore|Any CPU.Deploy.0 = Release|Any CPU
		{E95EB858-A3E8-4E54-8AB3-8F6809C37CCB}.AppStore|ARM.ActiveCfg = Release|Any CPU
		{E95EB858-A3E8-4E54-8AB3-8F6809C37CCB}.AppStore|ARM.Build.0 = Release|Any CPU
		{E95EB858-A3E8-4E54-8AB3-8F6809C37CCB}.AppStore|ARM.Deploy.0 = Release|Any CPU
		{E95EB858-A3E8-4E54-8AB3-8F6809C37CCB}.AppStore|iPhone.ActiveCfg = Release|Any CPU
		{E95EB858-A3E8-4E54-8AB3-8F6809C37CCB}.AppStore|iPhone.Build.0 = Release|Any CPU
		{E95EB858-A3E8-4E54-8AB3-8F6809C37CCB}.AppStore|iPhone.Deploy.0 = Release|Any CPU
		{E95EB858-A3E8-4E54-8AB3-8F6809C37CCB}.AppStore|iPhoneSimulator.ActiveCfg = Release|Any CPU
		{E95EB858-A3E8-4E54-8AB3-8F6809C37CCB}.AppStore|iPhoneSimulator.Build.0 = Release|Any CPU
		{E95EB858-A3E8-4E54-8AB3-8F6809C37CCB}.AppStore|iPhoneSimulator.Deploy.0 = Release|Any CPU
		{E95EB858-A3E8-4E54-8AB3-8F6809C37CCB}.AppStore|x64.ActiveCfg = Release|Any CPU
		{E95EB858-A3E8-4E54-8AB3-8F6809C37CCB}.AppStore|x64.Build.0 = Release|Any CPU
		{E95EB858-A3E8-4E54-8AB3-8F6809C37CCB}.AppStore|x64.Deploy.0 = Release|Any CPU
		{E95EB858-A3E8-4E54-8AB3-8F6809C37CCB}.AppStore|x86.ActiveCfg = Release|Any CPU
		{E95EB858-A3E8-4E54-8AB3-8F6809C37CCB}.AppStore|x86.Build.0 = Release|Any CPU
		{E95EB858-A3E8-4E54-8AB3-8F6809C37CCB}.AppStore|x86.Deploy.0 = Release|Any CPU
		{E95EB858-A3E8-4E54-8AB3-8F6809C37CCB}.Debug|Any CPU.ActiveCfg = Debug|Any CPU
		{E95EB858-A3E8-4E54-8AB3-8F6809C37CCB}.Debug|Any CPU.Build.0 = Debug|Any CPU
		{E95EB858-A3E8-4E54-8AB3-8F6809C37CCB}.Debug|Any CPU.Deploy.0 = Debug|Any CPU
		{E95EB858-A3E8-4E54-8AB3-8F6809C37CCB}.Debug|ARM.ActiveCfg = Debug|Any CPU
		{E95EB858-A3E8-4E54-8AB3-8F6809C37CCB}.Debug|ARM.Build.0 = Debug|Any CPU
		{E95EB858-A3E8-4E54-8AB3-8F6809C37CCB}.Debug|ARM.Deploy.0 = Debug|Any CPU
		{E95EB858-A3E8-4E54-8AB3-8F6809C37CCB}.Debug|iPhone.ActiveCfg = Debug|Any CPU
		{E95EB858-A3E8-4E54-8AB3-8F6809C37CCB}.Debug|iPhone.Build.0 = Debug|Any CPU
		{E95EB858-A3E8-4E54-8AB3-8F6809C37CCB}.Debug|iPhone.Deploy.0 = Debug|Any CPU
		{E95EB858-A3E8-4E54-8AB3-8F6809C37CCB}.Debug|iPhoneSimulator.ActiveCfg = Debug|Any CPU
		{E95EB858-A3E8-4E54-8AB3-8F6809C37CCB}.Debug|iPhoneSimulator.Build.0 = Debug|Any CPU
		{E95EB858-A3E8-4E54-8AB3-8F6809C37CCB}.Debug|iPhoneSimulator.Deploy.0 = Debug|Any CPU
		{E95EB858-A3E8-4E54-8AB3-8F6809C37CCB}.Debug|x64.ActiveCfg = Debug|Any CPU
		{E95EB858-A3E8-4E54-8AB3-8F6809C37CCB}.Debug|x64.Build.0 = Debug|Any CPU
		{E95EB858-A3E8-4E54-8AB3-8F6809C37CCB}.Debug|x64.Deploy.0 = Debug|Any CPU
		{E95EB858-A3E8-4E54-8AB3-8F6809C37CCB}.Debug|x86.ActiveCfg = Debug|Any CPU
		{E95EB858-A3E8-4E54-8AB3-8F6809C37CCB}.Debug|x86.Build.0 = Debug|Any CPU
		{E95EB858-A3E8-4E54-8AB3-8F6809C37CCB}.Debug|x86.Deploy.0 = Debug|Any CPU
		{E95EB858-A3E8-4E54-8AB3-8F6809C37CCB}.Release|Any CPU.ActiveCfg = Release|Any CPU
		{E95EB858-A3E8-4E54-8AB3-8F6809C37CCB}.Release|Any CPU.Build.0 = Release|Any CPU
		{E95EB858-A3E8-4E54-8AB3-8F6809C37CCB}.Release|Any CPU.Deploy.0 = Release|Any CPU
		{E95EB858-A3E8-4E54-8AB3-8F6809C37CCB}.Release|ARM.ActiveCfg = Release|Any CPU
		{E95EB858-A3E8-4E54-8AB3-8F6809C37CCB}.Release|ARM.Build.0 = Release|Any CPU
		{E95EB858-A3E8-4E54-8AB3-8F6809C37CCB}.Release|ARM.Deploy.0 = Release|Any CPU
		{E95EB858-A3E8-4E54-8AB3-8F6809C37CCB}.Release|iPhone.ActiveCfg = Release|Any CPU
		{E95EB858-A3E8-4E54-8AB3-8F6809C37CCB}.Release|iPhone.Build.0 = Release|Any CPU
		{E95EB858-A3E8-4E54-8AB3-8F6809C37CCB}.Release|iPhone.Deploy.0 = Release|Any CPU
		{E95EB858-A3E8-4E54-8AB3-8F6809C37CCB}.Release|iPhoneSimulator.ActiveCfg = Release|Any CPU
		{E95EB858-A3E8-4E54-8AB3-8F6809C37CCB}.Release|iPhoneSimulator.Build.0 = Release|Any CPU
		{E95EB858-A3E8-4E54-8AB3-8F6809C37CCB}.Release|iPhoneSimulator.Deploy.0 = Release|Any CPU
		{E95EB858-A3E8-4E54-8AB3-8F6809C37CCB}.Release|x64.ActiveCfg = Release|Any CPU
		{E95EB858-A3E8-4E54-8AB3-8F6809C37CCB}.Release|x64.Build.0 = Release|Any CPU
		{E95EB858-A3E8-4E54-8AB3-8F6809C37CCB}.Release|x64.Deploy.0 = Release|Any CPU
		{E95EB858-A3E8-4E54-8AB3-8F6809C37CCB}.Release|x86.ActiveCfg = Release|Any CPU
		{E95EB858-A3E8-4E54-8AB3-8F6809C37CCB}.Release|x86.Build.0 = Release|Any CPU
		{E95EB858-A3E8-4E54-8AB3-8F6809C37CCB}.Release|x86.Deploy.0 = Release|Any CPU
		{86F1E5C7-AC5A-4F5E-A796-25FF5228B632}.Ad-Hoc|Any CPU.ActiveCfg = Ad-Hoc|iPhone
		{86F1E5C7-AC5A-4F5E-A796-25FF5228B632}.Ad-Hoc|ARM.ActiveCfg = Ad-Hoc|iPhone
		{86F1E5C7-AC5A-4F5E-A796-25FF5228B632}.Ad-Hoc|iPhone.ActiveCfg = Ad-Hoc|iPhone
		{86F1E5C7-AC5A-4F5E-A796-25FF5228B632}.Ad-Hoc|iPhone.Build.0 = Ad-Hoc|iPhone
		{86F1E5C7-AC5A-4F5E-A796-25FF5228B632}.Ad-Hoc|iPhoneSimulator.ActiveCfg = Ad-Hoc|iPhoneSimulator
		{86F1E5C7-AC5A-4F5E-A796-25FF5228B632}.Ad-Hoc|iPhoneSimulator.Build.0 = Ad-Hoc|iPhoneSimulator
		{86F1E5C7-AC5A-4F5E-A796-25FF5228B632}.Ad-Hoc|x64.ActiveCfg = Ad-Hoc|iPhone
		{86F1E5C7-AC5A-4F5E-A796-25FF5228B632}.Ad-Hoc|x86.ActiveCfg = Ad-Hoc|iPhone
		{86F1E5C7-AC5A-4F5E-A796-25FF5228B632}.AppStore|Any CPU.ActiveCfg = AppStore|iPhone
		{86F1E5C7-AC5A-4F5E-A796-25FF5228B632}.AppStore|ARM.ActiveCfg = AppStore|iPhone
		{86F1E5C7-AC5A-4F5E-A796-25FF5228B632}.AppStore|iPhone.ActiveCfg = AppStore|iPhone
		{86F1E5C7-AC5A-4F5E-A796-25FF5228B632}.AppStore|iPhone.Build.0 = AppStore|iPhone
		{86F1E5C7-AC5A-4F5E-A796-25FF5228B632}.AppStore|iPhoneSimulator.ActiveCfg = AppStore|iPhoneSimulator
		{86F1E5C7-AC5A-4F5E-A796-25FF5228B632}.AppStore|iPhoneSimulator.Build.0 = AppStore|iPhoneSimulator
		{86F1E5C7-AC5A-4F5E-A796-25FF5228B632}.AppStore|x64.ActiveCfg = AppStore|iPhone
		{86F1E5C7-AC5A-4F5E-A796-25FF5228B632}.AppStore|x86.ActiveCfg = AppStore|iPhone
		{86F1E5C7-AC5A-4F5E-A796-25FF5228B632}.Debug|Any CPU.ActiveCfg = Debug|iPhone
		{86F1E5C7-AC5A-4F5E-A796-25FF5228B632}.Debug|ARM.ActiveCfg = Debug|iPhone
		{86F1E5C7-AC5A-4F5E-A796-25FF5228B632}.Debug|iPhone.ActiveCfg = Debug|iPhone
		{86F1E5C7-AC5A-4F5E-A796-25FF5228B632}.Debug|iPhone.Build.0 = Debug|iPhone
		{86F1E5C7-AC5A-4F5E-A796-25FF5228B632}.Debug|iPhoneSimulator.ActiveCfg = Debug|iPhoneSimulator
		{86F1E5C7-AC5A-4F5E-A796-25FF5228B632}.Debug|iPhoneSimulator.Build.0 = Debug|iPhoneSimulator
		{86F1E5C7-AC5A-4F5E-A796-25FF5228B632}.Debug|x64.ActiveCfg = Debug|iPhone
		{86F1E5C7-AC5A-4F5E-A796-25FF5228B632}.Debug|x86.ActiveCfg = Debug|iPhone
		{86F1E5C7-AC5A-4F5E-A796-25FF5228B632}.Release|Any CPU.ActiveCfg = Release|iPhone
		{86F1E5C7-AC5A-4F5E-A796-25FF5228B632}.Release|ARM.ActiveCfg = Release|iPhone
		{86F1E5C7-AC5A-4F5E-A796-25FF5228B632}.Release|iPhone.ActiveCfg = Release|iPhone
		{86F1E5C7-AC5A-4F5E-A796-25FF5228B632}.Release|iPhone.Build.0 = Release|iPhone
		{86F1E5C7-AC5A-4F5E-A796-25FF5228B632}.Release|iPhoneSimulator.ActiveCfg = Release|iPhoneSimulator
		{86F1E5C7-AC5A-4F5E-A796-25FF5228B632}.Release|iPhoneSimulator.Build.0 = Release|iPhoneSimulator
		{86F1E5C7-AC5A-4F5E-A796-25FF5228B632}.Release|x64.ActiveCfg = Release|iPhone
		{86F1E5C7-AC5A-4F5E-A796-25FF5228B632}.Release|x86.ActiveCfg = Release|iPhone
		{689C5358-7D8D-4BE5-A565-51F5A76E6FE9}.Ad-Hoc|Any CPU.ActiveCfg = Release|Any CPU
		{689C5358-7D8D-4BE5-A565-51F5A76E6FE9}.Ad-Hoc|Any CPU.Build.0 = Release|Any CPU
		{689C5358-7D8D-4BE5-A565-51F5A76E6FE9}.Ad-Hoc|Any CPU.Deploy.0 = Release|Any CPU
		{689C5358-7D8D-4BE5-A565-51F5A76E6FE9}.Ad-Hoc|ARM.ActiveCfg = Release|ARM
		{689C5358-7D8D-4BE5-A565-51F5A76E6FE9}.Ad-Hoc|ARM.Build.0 = Release|ARM
		{689C5358-7D8D-4BE5-A565-51F5A76E6FE9}.Ad-Hoc|ARM.Deploy.0 = Release|ARM
		{689C5358-7D8D-4BE5-A565-51F5A76E6FE9}.Ad-Hoc|iPhone.ActiveCfg = Release|Any CPU
		{689C5358-7D8D-4BE5-A565-51F5A76E6FE9}.Ad-Hoc|iPhone.Build.0 = Release|Any CPU
		{689C5358-7D8D-4BE5-A565-51F5A76E6FE9}.Ad-Hoc|iPhone.Deploy.0 = Release|Any CPU
		{689C5358-7D8D-4BE5-A565-51F5A76E6FE9}.Ad-Hoc|iPhoneSimulator.ActiveCfg = Release|Any CPU
		{689C5358-7D8D-4BE5-A565-51F5A76E6FE9}.Ad-Hoc|iPhoneSimulator.Build.0 = Release|Any CPU
		{689C5358-7D8D-4BE5-A565-51F5A76E6FE9}.Ad-Hoc|iPhoneSimulator.Deploy.0 = Release|Any CPU
		{689C5358-7D8D-4BE5-A565-51F5A76E6FE9}.Ad-Hoc|x64.ActiveCfg = Release|Any CPU
		{689C5358-7D8D-4BE5-A565-51F5A76E6FE9}.Ad-Hoc|x64.Build.0 = Release|Any CPU
		{689C5358-7D8D-4BE5-A565-51F5A76E6FE9}.Ad-Hoc|x64.Deploy.0 = Release|Any CPU
		{689C5358-7D8D-4BE5-A565-51F5A76E6FE9}.Ad-Hoc|x86.ActiveCfg = Release|x86
		{689C5358-7D8D-4BE5-A565-51F5A76E6FE9}.Ad-Hoc|x86.Build.0 = Release|x86
		{689C5358-7D8D-4BE5-A565-51F5A76E6FE9}.Ad-Hoc|x86.Deploy.0 = Release|x86
		{689C5358-7D8D-4BE5-A565-51F5A76E6FE9}.AppStore|Any CPU.ActiveCfg = Release|Any CPU
		{689C5358-7D8D-4BE5-A565-51F5A76E6FE9}.AppStore|Any CPU.Build.0 = Release|Any CPU
		{689C5358-7D8D-4BE5-A565-51F5A76E6FE9}.AppStore|Any CPU.Deploy.0 = Release|Any CPU
		{689C5358-7D8D-4BE5-A565-51F5A76E6FE9}.AppStore|ARM.ActiveCfg = Release|ARM
		{689C5358-7D8D-4BE5-A565-51F5A76E6FE9}.AppStore|ARM.Build.0 = Release|ARM
		{689C5358-7D8D-4BE5-A565-51F5A76E6FE9}.AppStore|ARM.Deploy.0 = Release|ARM
		{689C5358-7D8D-4BE5-A565-51F5A76E6FE9}.AppStore|iPhone.ActiveCfg = Release|Any CPU
		{689C5358-7D8D-4BE5-A565-51F5A76E6FE9}.AppStore|iPhone.Build.0 = Release|Any CPU
		{689C5358-7D8D-4BE5-A565-51F5A76E6FE9}.AppStore|iPhone.Deploy.0 = Release|Any CPU
		{689C5358-7D8D-4BE5-A565-51F5A76E6FE9}.AppStore|iPhoneSimulator.ActiveCfg = Release|Any CPU
		{689C5358-7D8D-4BE5-A565-51F5A76E6FE9}.AppStore|iPhoneSimulator.Build.0 = Release|Any CPU
		{689C5358-7D8D-4BE5-A565-51F5A76E6FE9}.AppStore|iPhoneSimulator.Deploy.0 = Release|Any CPU
		{689C5358-7D8D-4BE5-A565-51F5A76E6FE9}.AppStore|x64.ActiveCfg = Release|Any CPU
		{689C5358-7D8D-4BE5-A565-51F5A76E6FE9}.AppStore|x64.Build.0 = Release|Any CPU
		{689C5358-7D8D-4BE5-A565-51F5A76E6FE9}.AppStore|x64.Deploy.0 = Release|Any CPU
		{689C5358-7D8D-4BE5-A565-51F5A76E6FE9}.AppStore|x86.ActiveCfg = Release|x86
		{689C5358-7D8D-4BE5-A565-51F5A76E6FE9}.AppStore|x86.Build.0 = Release|x86
		{689C5358-7D8D-4BE5-A565-51F5A76E6FE9}.AppStore|x86.Deploy.0 = Release|x86
		{689C5358-7D8D-4BE5-A565-51F5A76E6FE9}.Debug|Any CPU.ActiveCfg = Debug|Any CPU
		{689C5358-7D8D-4BE5-A565-51F5A76E6FE9}.Debug|Any CPU.Build.0 = Debug|Any CPU
		{689C5358-7D8D-4BE5-A565-51F5A76E6FE9}.Debug|Any CPU.Deploy.0 = Debug|Any CPU
		{689C5358-7D8D-4BE5-A565-51F5A76E6FE9}.Debug|ARM.ActiveCfg = Debug|ARM
		{689C5358-7D8D-4BE5-A565-51F5A76E6FE9}.Debug|ARM.Build.0 = Debug|ARM
		{689C5358-7D8D-4BE5-A565-51F5A76E6FE9}.Debug|ARM.Deploy.0 = Debug|ARM
		{689C5358-7D8D-4BE5-A565-51F5A76E6FE9}.Debug|iPhone.ActiveCfg = Debug|Any CPU
		{689C5358-7D8D-4BE5-A565-51F5A76E6FE9}.Debug|iPhone.Build.0 = Debug|Any CPU
		{689C5358-7D8D-4BE5-A565-51F5A76E6FE9}.Debug|iPhone.Deploy.0 = Debug|Any CPU
		{689C5358-7D8D-4BE5-A565-51F5A76E6FE9}.Debug|iPhoneSimulator.ActiveCfg = Debug|Any CPU
		{689C5358-7D8D-4BE5-A565-51F5A76E6FE9}.Debug|iPhoneSimulator.Build.0 = Debug|Any CPU
		{689C5358-7D8D-4BE5-A565-51F5A76E6FE9}.Debug|iPhoneSimulator.Deploy.0 = Debug|Any CPU
		{689C5358-7D8D-4BE5-A565-51F5A76E6FE9}.Debug|x64.ActiveCfg = Debug|Any CPU
		{689C5358-7D8D-4BE5-A565-51F5A76E6FE9}.Debug|x64.Build.0 = Debug|Any CPU
		{689C5358-7D8D-4BE5-A565-51F5A76E6FE9}.Debug|x64.Deploy.0 = Debug|Any CPU
		{689C5358-7D8D-4BE5-A565-51F5A76E6FE9}.Debug|x86.ActiveCfg = Debug|x86
		{689C5358-7D8D-4BE5-A565-51F5A76E6FE9}.Debug|x86.Build.0 = Debug|x86
		{689C5358-7D8D-4BE5-A565-51F5A76E6FE9}.Debug|x86.Deploy.0 = Debug|x86
		{689C5358-7D8D-4BE5-A565-51F5A76E6FE9}.Release|Any CPU.ActiveCfg = Release|Any CPU
		{689C5358-7D8D-4BE5-A565-51F5A76E6FE9}.Release|Any CPU.Build.0 = Release|Any CPU
		{689C5358-7D8D-4BE5-A565-51F5A76E6FE9}.Release|Any CPU.Deploy.0 = Release|Any CPU
		{689C5358-7D8D-4BE5-A565-51F5A76E6FE9}.Release|ARM.ActiveCfg = Release|ARM
		{689C5358-7D8D-4BE5-A565-51F5A76E6FE9}.Release|ARM.Build.0 = Release|ARM
		{689C5358-7D8D-4BE5-A565-51F5A76E6FE9}.Release|ARM.Deploy.0 = Release|ARM
		{689C5358-7D8D-4BE5-A565-51F5A76E6FE9}.Release|iPhone.ActiveCfg = Release|Any CPU
		{689C5358-7D8D-4BE5-A565-51F5A76E6FE9}.Release|iPhone.Build.0 = Release|Any CPU
		{689C5358-7D8D-4BE5-A565-51F5A76E6FE9}.Release|iPhone.Deploy.0 = Release|Any CPU
		{689C5358-7D8D-4BE5-A565-51F5A76E6FE9}.Release|iPhoneSimulator.ActiveCfg = Release|Any CPU
		{689C5358-7D8D-4BE5-A565-51F5A76E6FE9}.Release|iPhoneSimulator.Build.0 = Release|Any CPU
		{689C5358-7D8D-4BE5-A565-51F5A76E6FE9}.Release|iPhoneSimulator.Deploy.0 = Release|Any CPU
		{689C5358-7D8D-4BE5-A565-51F5A76E6FE9}.Release|x64.ActiveCfg = Release|Any CPU
		{689C5358-7D8D-4BE5-A565-51F5A76E6FE9}.Release|x64.Build.0 = Release|Any CPU
		{689C5358-7D8D-4BE5-A565-51F5A76E6FE9}.Release|x64.Deploy.0 = Release|Any CPU
		{689C5358-7D8D-4BE5-A565-51F5A76E6FE9}.Release|x86.ActiveCfg = Release|x86
		{689C5358-7D8D-4BE5-A565-51F5A76E6FE9}.Release|x86.Build.0 = Release|x86
		{689C5358-7D8D-4BE5-A565-51F5A76E6FE9}.Release|x86.Deploy.0 = Release|x86
		{C6E22DA0-BB72-4DB1-885B-8AEC7E246772}.Ad-Hoc|Any CPU.ActiveCfg = Release|x86
		{C6E22DA0-BB72-4DB1-885B-8AEC7E246772}.Ad-Hoc|Any CPU.Build.0 = Release|x86
		{C6E22DA0-BB72-4DB1-885B-8AEC7E246772}.Ad-Hoc|Any CPU.Deploy.0 = Release|x86
		{C6E22DA0-BB72-4DB1-885B-8AEC7E246772}.Ad-Hoc|ARM.ActiveCfg = Release|ARM
		{C6E22DA0-BB72-4DB1-885B-8AEC7E246772}.Ad-Hoc|ARM.Build.0 = Release|ARM
		{C6E22DA0-BB72-4DB1-885B-8AEC7E246772}.Ad-Hoc|ARM.Deploy.0 = Release|ARM
		{C6E22DA0-BB72-4DB1-885B-8AEC7E246772}.Ad-Hoc|iPhone.ActiveCfg = Release|x86
		{C6E22DA0-BB72-4DB1-885B-8AEC7E246772}.Ad-Hoc|iPhone.Build.0 = Release|x86
		{C6E22DA0-BB72-4DB1-885B-8AEC7E246772}.Ad-Hoc|iPhone.Deploy.0 = Release|x86
		{C6E22DA0-BB72-4DB1-885B-8AEC7E246772}.Ad-Hoc|iPhoneSimulator.ActiveCfg = Release|x86
		{C6E22DA0-BB72-4DB1-885B-8AEC7E246772}.Ad-Hoc|iPhoneSimulator.Build.0 = Release|x86
		{C6E22DA0-BB72-4DB1-885B-8AEC7E246772}.Ad-Hoc|iPhoneSimulator.Deploy.0 = Release|x86
		{C6E22DA0-BB72-4DB1-885B-8AEC7E246772}.Ad-Hoc|x64.ActiveCfg = Release|x64
		{C6E22DA0-BB72-4DB1-885B-8AEC7E246772}.Ad-Hoc|x64.Build.0 = Release|x64
		{C6E22DA0-BB72-4DB1-885B-8AEC7E246772}.Ad-Hoc|x64.Deploy.0 = Release|x64
		{C6E22DA0-BB72-4DB1-885B-8AEC7E246772}.Ad-Hoc|x86.ActiveCfg = Release|x86
		{C6E22DA0-BB72-4DB1-885B-8AEC7E246772}.Ad-Hoc|x86.Build.0 = Release|x86
		{C6E22DA0-BB72-4DB1-885B-8AEC7E246772}.Ad-Hoc|x86.Deploy.0 = Release|x86
		{C6E22DA0-BB72-4DB1-885B-8AEC7E246772}.AppStore|Any CPU.ActiveCfg = Release|x86
		{C6E22DA0-BB72-4DB1-885B-8AEC7E246772}.AppStore|Any CPU.Build.0 = Release|x86
		{C6E22DA0-BB72-4DB1-885B-8AEC7E246772}.AppStore|Any CPU.Deploy.0 = Release|x86
		{C6E22DA0-BB72-4DB1-885B-8AEC7E246772}.AppStore|ARM.ActiveCfg = Release|ARM
		{C6E22DA0-BB72-4DB1-885B-8AEC7E246772}.AppStore|ARM.Build.0 = Release|ARM
		{C6E22DA0-BB72-4DB1-885B-8AEC7E246772}.AppStore|ARM.Deploy.0 = Release|ARM
		{C6E22DA0-BB72-4DB1-885B-8AEC7E246772}.AppStore|iPhone.ActiveCfg = Release|x86
		{C6E22DA0-BB72-4DB1-885B-8AEC7E246772}.AppStore|iPhone.Build.0 = Release|x86
		{C6E22DA0-BB72-4DB1-885B-8AEC7E246772}.AppStore|iPhone.Deploy.0 = Release|x86
		{C6E22DA0-BB72-4DB1-885B-8AEC7E246772}.AppStore|iPhoneSimulator.ActiveCfg = Release|x86
		{C6E22DA0-BB72-4DB1-885B-8AEC7E246772}.AppStore|iPhoneSimulator.Build.0 = Release|x86
		{C6E22DA0-BB72-4DB1-885B-8AEC7E246772}.AppStore|iPhoneSimulator.Deploy.0 = Release|x86
		{C6E22DA0-BB72-4DB1-885B-8AEC7E246772}.AppStore|x64.ActiveCfg = Release|x64
		{C6E22DA0-BB72-4DB1-885B-8AEC7E246772}.AppStore|x64.Build.0 = Release|x64
		{C6E22DA0-BB72-4DB1-885B-8AEC7E246772}.AppStore|x64.Deploy.0 = Release|x64
		{C6E22DA0-BB72-4DB1-885B-8AEC7E246772}.AppStore|x86.ActiveCfg = Release|x86
		{C6E22DA0-BB72-4DB1-885B-8AEC7E246772}.AppStore|x86.Build.0 = Release|x86
		{C6E22DA0-BB72-4DB1-885B-8AEC7E246772}.AppStore|x86.Deploy.0 = Release|x86
		{C6E22DA0-BB72-4DB1-885B-8AEC7E246772}.Debug|Any CPU.ActiveCfg = Debug|x86
		{C6E22DA0-BB72-4DB1-885B-8AEC7E246772}.Debug|ARM.ActiveCfg = Debug|ARM
		{C6E22DA0-BB72-4DB1-885B-8AEC7E246772}.Debug|ARM.Build.0 = Debug|ARM
		{C6E22DA0-BB72-4DB1-885B-8AEC7E246772}.Debug|ARM.Deploy.0 = Debug|ARM
		{C6E22DA0-BB72-4DB1-885B-8AEC7E246772}.Debug|iPhone.ActiveCfg = Debug|x86
		{C6E22DA0-BB72-4DB1-885B-8AEC7E246772}.Debug|iPhoneSimulator.ActiveCfg = Debug|x86
		{C6E22DA0-BB72-4DB1-885B-8AEC7E246772}.Debug|x64.ActiveCfg = Debug|x64
		{C6E22DA0-BB72-4DB1-885B-8AEC7E246772}.Debug|x64.Build.0 = Debug|x64
		{C6E22DA0-BB72-4DB1-885B-8AEC7E246772}.Debug|x64.Deploy.0 = Debug|x64
		{C6E22DA0-BB72-4DB1-885B-8AEC7E246772}.Debug|x86.ActiveCfg = Debug|x86
		{C6E22DA0-BB72-4DB1-885B-8AEC7E246772}.Debug|x86.Build.0 = Debug|x86
		{C6E22DA0-BB72-4DB1-885B-8AEC7E246772}.Debug|x86.Deploy.0 = Debug|x86
		{C6E22DA0-BB72-4DB1-885B-8AEC7E246772}.Release|Any CPU.ActiveCfg = Release|x86
		{C6E22DA0-BB72-4DB1-885B-8AEC7E246772}.Release|ARM.ActiveCfg = Release|ARM
		{C6E22DA0-BB72-4DB1-885B-8AEC7E246772}.Release|ARM.Build.0 = Release|ARM
		{C6E22DA0-BB72-4DB1-885B-8AEC7E246772}.Release|ARM.Deploy.0 = Release|ARM
		{C6E22DA0-BB72-4DB1-885B-8AEC7E246772}.Release|iPhone.ActiveCfg = Release|x86
		{C6E22DA0-BB72-4DB1-885B-8AEC7E246772}.Release|iPhoneSimulator.ActiveCfg = Release|x86
		{C6E22DA0-BB72-4DB1-885B-8AEC7E246772}.Release|x64.ActiveCfg = Release|x64
		{C6E22DA0-BB72-4DB1-885B-8AEC7E246772}.Release|x64.Build.0 = Release|x64
		{C6E22DA0-BB72-4DB1-885B-8AEC7E246772}.Release|x64.Deploy.0 = Release|x64
		{C6E22DA0-BB72-4DB1-885B-8AEC7E246772}.Release|x86.ActiveCfg = Release|x86
		{C6E22DA0-BB72-4DB1-885B-8AEC7E246772}.Release|x86.Build.0 = Release|x86
		{C6E22DA0-BB72-4DB1-885B-8AEC7E246772}.Release|x86.Deploy.0 = Release|x86
		{A718D6A0-D0A5-4688-92C1-5E636166B654}.Ad-Hoc|Any CPU.ActiveCfg = Release|Any CPU
		{A718D6A0-D0A5-4688-92C1-5E636166B654}.Ad-Hoc|Any CPU.Build.0 = Release|Any CPU
		{A718D6A0-D0A5-4688-92C1-5E636166B654}.Ad-Hoc|Any CPU.Deploy.0 = Release|Any CPU
		{A718D6A0-D0A5-4688-92C1-5E636166B654}.Ad-Hoc|ARM.ActiveCfg = Release|ARM
		{A718D6A0-D0A5-4688-92C1-5E636166B654}.Ad-Hoc|ARM.Build.0 = Release|ARM
		{A718D6A0-D0A5-4688-92C1-5E636166B654}.Ad-Hoc|ARM.Deploy.0 = Release|ARM
		{A718D6A0-D0A5-4688-92C1-5E636166B654}.Ad-Hoc|iPhone.ActiveCfg = Release|Any CPU
		{A718D6A0-D0A5-4688-92C1-5E636166B654}.Ad-Hoc|iPhone.Build.0 = Release|Any CPU
		{A718D6A0-D0A5-4688-92C1-5E636166B654}.Ad-Hoc|iPhone.Deploy.0 = Release|Any CPU
		{A718D6A0-D0A5-4688-92C1-5E636166B654}.Ad-Hoc|iPhoneSimulator.ActiveCfg = Release|Any CPU
		{A718D6A0-D0A5-4688-92C1-5E636166B654}.Ad-Hoc|iPhoneSimulator.Build.0 = Release|Any CPU
		{A718D6A0-D0A5-4688-92C1-5E636166B654}.Ad-Hoc|iPhoneSimulator.Deploy.0 = Release|Any CPU
		{A718D6A0-D0A5-4688-92C1-5E636166B654}.Ad-Hoc|x64.ActiveCfg = Release|x64
		{A718D6A0-D0A5-4688-92C1-5E636166B654}.Ad-Hoc|x64.Build.0 = Release|x64
		{A718D6A0-D0A5-4688-92C1-5E636166B654}.Ad-Hoc|x64.Deploy.0 = Release|x64
		{A718D6A0-D0A5-4688-92C1-5E636166B654}.Ad-Hoc|x86.ActiveCfg = Release|x86
		{A718D6A0-D0A5-4688-92C1-5E636166B654}.Ad-Hoc|x86.Build.0 = Release|x86
		{A718D6A0-D0A5-4688-92C1-5E636166B654}.Ad-Hoc|x86.Deploy.0 = Release|x86
		{A718D6A0-D0A5-4688-92C1-5E636166B654}.AppStore|Any CPU.ActiveCfg = Release|Any CPU
		{A718D6A0-D0A5-4688-92C1-5E636166B654}.AppStore|Any CPU.Build.0 = Release|Any CPU
		{A718D6A0-D0A5-4688-92C1-5E636166B654}.AppStore|Any CPU.Deploy.0 = Release|Any CPU
		{A718D6A0-D0A5-4688-92C1-5E636166B654}.AppStore|ARM.ActiveCfg = Release|ARM
		{A718D6A0-D0A5-4688-92C1-5E636166B654}.AppStore|ARM.Build.0 = Release|ARM
		{A718D6A0-D0A5-4688-92C1-5E636166B654}.AppStore|ARM.Deploy.0 = Release|ARM
		{A718D6A0-D0A5-4688-92C1-5E636166B654}.AppStore|iPhone.ActiveCfg = Release|Any CPU
		{A718D6A0-D0A5-4688-92C1-5E636166B654}.AppStore|iPhone.Build.0 = Release|Any CPU
		{A718D6A0-D0A5-4688-92C1-5E636166B654}.AppStore|iPhone.Deploy.0 = Release|Any CPU
		{A718D6A0-D0A5-4688-92C1-5E636166B654}.AppStore|iPhoneSimulator.ActiveCfg = Release|Any CPU
		{A718D6A0-D0A5-4688-92C1-5E636166B654}.AppStore|iPhoneSimulator.Build.0 = Release|Any CPU
		{A718D6A0-D0A5-4688-92C1-5E636166B654}.AppStore|iPhoneSimulator.Deploy.0 = Release|Any CPU
		{A718D6A0-D0A5-4688-92C1-5E636166B654}.AppStore|x64.ActiveCfg = Release|x64
		{A718D6A0-D0A5-4688-92C1-5E636166B654}.AppStore|x64.Build.0 = Release|x64
		{A718D6A0-D0A5-4688-92C1-5E636166B654}.AppStore|x64.Deploy.0 = Release|x64
		{A718D6A0-D0A5-4688-92C1-5E636166B654}.AppStore|x86.ActiveCfg = Release|x86
		{A718D6A0-D0A5-4688-92C1-5E636166B654}.AppStore|x86.Build.0 = Release|x86
		{A718D6A0-D0A5-4688-92C1-5E636166B654}.AppStore|x86.Deploy.0 = Release|x86
		{A718D6A0-D0A5-4688-92C1-5E636166B654}.Debug|Any CPU.ActiveCfg = Debug|Any CPU
		{A718D6A0-D0A5-4688-92C1-5E636166B654}.Debug|Any CPU.Build.0 = Debug|Any CPU
		{A718D6A0-D0A5-4688-92C1-5E636166B654}.Debug|Any CPU.Deploy.0 = Debug|Any CPU
		{A718D6A0-D0A5-4688-92C1-5E636166B654}.Debug|ARM.ActiveCfg = Debug|ARM
		{A718D6A0-D0A5-4688-92C1-5E636166B654}.Debug|ARM.Build.0 = Debug|ARM
		{A718D6A0-D0A5-4688-92C1-5E636166B654}.Debug|ARM.Deploy.0 = Debug|ARM
		{A718D6A0-D0A5-4688-92C1-5E636166B654}.Debug|iPhone.ActiveCfg = Debug|Any CPU
		{A718D6A0-D0A5-4688-92C1-5E636166B654}.Debug|iPhone.Build.0 = Debug|Any CPU
		{A718D6A0-D0A5-4688-92C1-5E636166B654}.Debug|iPhone.Deploy.0 = Debug|Any CPU
		{A718D6A0-D0A5-4688-92C1-5E636166B654}.Debug|iPhoneSimulator.ActiveCfg = Debug|Any CPU
		{A718D6A0-D0A5-4688-92C1-5E636166B654}.Debug|iPhoneSimulator.Build.0 = Debug|Any CPU
		{A718D6A0-D0A5-4688-92C1-5E636166B654}.Debug|iPhoneSimulator.Deploy.0 = Debug|Any CPU
		{A718D6A0-D0A5-4688-92C1-5E636166B654}.Debug|x64.ActiveCfg = Debug|x64
		{A718D6A0-D0A5-4688-92C1-5E636166B654}.Debug|x64.Build.0 = Debug|x64
		{A718D6A0-D0A5-4688-92C1-5E636166B654}.Debug|x64.Deploy.0 = Debug|x64
		{A718D6A0-D0A5-4688-92C1-5E636166B654}.Debug|x86.ActiveCfg = Debug|x86
		{A718D6A0-D0A5-4688-92C1-5E636166B654}.Debug|x86.Build.0 = Debug|x86
		{A718D6A0-D0A5-4688-92C1-5E636166B654}.Debug|x86.Deploy.0 = Debug|x86
		{A718D6A0-D0A5-4688-92C1-5E636166B654}.Release|Any CPU.ActiveCfg = Release|Any CPU
		{A718D6A0-D0A5-4688-92C1-5E636166B654}.Release|Any CPU.Build.0 = Release|Any CPU
		{A718D6A0-D0A5-4688-92C1-5E636166B654}.Release|Any CPU.Deploy.0 = Release|Any CPU
		{A718D6A0-D0A5-4688-92C1-5E636166B654}.Release|ARM.ActiveCfg = Release|ARM
		{A718D6A0-D0A5-4688-92C1-5E636166B654}.Release|ARM.Build.0 = Release|ARM
		{A718D6A0-D0A5-4688-92C1-5E636166B654}.Release|ARM.Deploy.0 = Release|ARM
		{A718D6A0-D0A5-4688-92C1-5E636166B654}.Release|iPhone.ActiveCfg = Release|Any CPU
		{A718D6A0-D0A5-4688-92C1-5E636166B654}.Release|iPhone.Build.0 = Release|Any CPU
		{A718D6A0-D0A5-4688-92C1-5E636166B654}.Release|iPhone.Deploy.0 = Release|Any CPU
		{A718D6A0-D0A5-4688-92C1-5E636166B654}.Release|iPhoneSimulator.ActiveCfg = Release|Any CPU
		{A718D6A0-D0A5-4688-92C1-5E636166B654}.Release|iPhoneSimulator.Build.0 = Release|Any CPU
		{A718D6A0-D0A5-4688-92C1-5E636166B654}.Release|iPhoneSimulator.Deploy.0 = Release|Any CPU
		{A718D6A0-D0A5-4688-92C1-5E636166B654}.Release|x64.ActiveCfg = Release|x64
		{A718D6A0-D0A5-4688-92C1-5E636166B654}.Release|x64.Build.0 = Release|x64
		{A718D6A0-D0A5-4688-92C1-5E636166B654}.Release|x64.Deploy.0 = Release|x64
		{A718D6A0-D0A5-4688-92C1-5E636166B654}.Release|x86.ActiveCfg = Release|x86
		{A718D6A0-D0A5-4688-92C1-5E636166B654}.Release|x86.Build.0 = Release|x86
		{A718D6A0-D0A5-4688-92C1-5E636166B654}.Release|x86.Deploy.0 = Release|x86
		{5CC00EDB-7FA4-4B21-AF60-0EF5417F4180}.Ad-Hoc|Any CPU.ActiveCfg = Release|Any CPU
		{5CC00EDB-7FA4-4B21-AF60-0EF5417F4180}.Ad-Hoc|Any CPU.Build.0 = Release|Any CPU
		{5CC00EDB-7FA4-4B21-AF60-0EF5417F4180}.Ad-Hoc|ARM.ActiveCfg = Release|Any CPU
		{5CC00EDB-7FA4-4B21-AF60-0EF5417F4180}.Ad-Hoc|ARM.Build.0 = Release|Any CPU
		{5CC00EDB-7FA4-4B21-AF60-0EF5417F4180}.Ad-Hoc|iPhone.ActiveCfg = Release|Any CPU
		{5CC00EDB-7FA4-4B21-AF60-0EF5417F4180}.Ad-Hoc|iPhone.Build.0 = Release|Any CPU
		{5CC00EDB-7FA4-4B21-AF60-0EF5417F4180}.Ad-Hoc|iPhoneSimulator.ActiveCfg = Release|Any CPU
		{5CC00EDB-7FA4-4B21-AF60-0EF5417F4180}.Ad-Hoc|iPhoneSimulator.Build.0 = Release|Any CPU
		{5CC00EDB-7FA4-4B21-AF60-0EF5417F4180}.Ad-Hoc|x64.ActiveCfg = Release|Any CPU
		{5CC00EDB-7FA4-4B21-AF60-0EF5417F4180}.Ad-Hoc|x64.Build.0 = Release|Any CPU
		{5CC00EDB-7FA4-4B21-AF60-0EF5417F4180}.Ad-Hoc|x86.ActiveCfg = Release|Any CPU
		{5CC00EDB-7FA4-4B21-AF60-0EF5417F4180}.Ad-Hoc|x86.Build.0 = Release|Any CPU
		{5CC00EDB-7FA4-4B21-AF60-0EF5417F4180}.AppStore|Any CPU.ActiveCfg = Release|Any CPU
		{5CC00EDB-7FA4-4B21-AF60-0EF5417F4180}.AppStore|Any CPU.Build.0 = Release|Any CPU
		{5CC00EDB-7FA4-4B21-AF60-0EF5417F4180}.AppStore|ARM.ActiveCfg = Release|Any CPU
		{5CC00EDB-7FA4-4B21-AF60-0EF5417F4180}.AppStore|ARM.Build.0 = Release|Any CPU
		{5CC00EDB-7FA4-4B21-AF60-0EF5417F4180}.AppStore|iPhone.ActiveCfg = Release|Any CPU
		{5CC00EDB-7FA4-4B21-AF60-0EF5417F4180}.AppStore|iPhone.Build.0 = Release|Any CPU
		{5CC00EDB-7FA4-4B21-AF60-0EF5417F4180}.AppStore|iPhoneSimulator.ActiveCfg = Release|Any CPU
		{5CC00EDB-7FA4-4B21-AF60-0EF5417F4180}.AppStore|iPhoneSimulator.Build.0 = Release|Any CPU
		{5CC00EDB-7FA4-4B21-AF60-0EF5417F4180}.AppStore|x64.ActiveCfg = Release|Any CPU
		{5CC00EDB-7FA4-4B21-AF60-0EF5417F4180}.AppStore|x64.Build.0 = Release|Any CPU
		{5CC00EDB-7FA4-4B21-AF60-0EF5417F4180}.AppStore|x86.ActiveCfg = Release|Any CPU
		{5CC00EDB-7FA4-4B21-AF60-0EF5417F4180}.AppStore|x86.Build.0 = Release|Any CPU
		{5CC00EDB-7FA4-4B21-AF60-0EF5417F4180}.Debug|Any CPU.ActiveCfg = Debug|Any CPU
		{5CC00EDB-7FA4-4B21-AF60-0EF5417F4180}.Debug|Any CPU.Build.0 = Debug|Any CPU
		{5CC00EDB-7FA4-4B21-AF60-0EF5417F4180}.Debug|ARM.ActiveCfg = Debug|Any CPU
		{5CC00EDB-7FA4-4B21-AF60-0EF5417F4180}.Debug|ARM.Build.0 = Debug|Any CPU
		{5CC00EDB-7FA4-4B21-AF60-0EF5417F4180}.Debug|iPhone.ActiveCfg = Debug|Any CPU
		{5CC00EDB-7FA4-4B21-AF60-0EF5417F4180}.Debug|iPhone.Build.0 = Debug|Any CPU
		{5CC00EDB-7FA4-4B21-AF60-0EF5417F4180}.Debug|iPhoneSimulator.ActiveCfg = Debug|Any CPU
		{5CC00EDB-7FA4-4B21-AF60-0EF5417F4180}.Debug|iPhoneSimulator.Build.0 = Debug|Any CPU
		{5CC00EDB-7FA4-4B21-AF60-0EF5417F4180}.Debug|x64.ActiveCfg = Debug|Any CPU
		{5CC00EDB-7FA4-4B21-AF60-0EF5417F4180}.Debug|x64.Build.0 = Debug|Any CPU
		{5CC00EDB-7FA4-4B21-AF60-0EF5417F4180}.Debug|x86.ActiveCfg = Debug|Any CPU
		{5CC00EDB-7FA4-4B21-AF60-0EF5417F4180}.Debug|x86.Build.0 = Debug|Any CPU
		{5CC00EDB-7FA4-4B21-AF60-0EF5417F4180}.Release|Any CPU.ActiveCfg = Release|Any CPU
		{5CC00EDB-7FA4-4B21-AF60-0EF5417F4180}.Release|Any CPU.Build.0 = Release|Any CPU
		{5CC00EDB-7FA4-4B21-AF60-0EF5417F4180}.Release|ARM.ActiveCfg = Release|Any CPU
		{5CC00EDB-7FA4-4B21-AF60-0EF5417F4180}.Release|ARM.Build.0 = Release|Any CPU
		{5CC00EDB-7FA4-4B21-AF60-0EF5417F4180}.Release|iPhone.ActiveCfg = Release|Any CPU
		{5CC00EDB-7FA4-4B21-AF60-0EF5417F4180}.Release|iPhone.Build.0 = Release|Any CPU
		{5CC00EDB-7FA4-4B21-AF60-0EF5417F4180}.Release|iPhoneSimulator.ActiveCfg = Release|Any CPU
		{5CC00EDB-7FA4-4B21-AF60-0EF5417F4180}.Release|iPhoneSimulator.Build.0 = Release|Any CPU
		{5CC00EDB-7FA4-4B21-AF60-0EF5417F4180}.Release|x64.ActiveCfg = Release|Any CPU
		{5CC00EDB-7FA4-4B21-AF60-0EF5417F4180}.Release|x64.Build.0 = Release|Any CPU
		{5CC00EDB-7FA4-4B21-AF60-0EF5417F4180}.Release|x86.ActiveCfg = Release|Any CPU
		{5CC00EDB-7FA4-4B21-AF60-0EF5417F4180}.Release|x86.Build.0 = Release|Any CPU
	EndGlobalSection
	GlobalSection(SolutionProperties) = preSolution
		HideSolutionNode = FALSE
	EndGlobalSection
EndGlobal
